
Microsoft Visual Studio Solution File, Format Version 12.00
# Visual Studio Version 17
VisualStudioVersion = 17.1.32210.238
MinimumVisualStudioVersion = 10.0.40219.1
Project("{FAE04EC0-301F-11D3-BF4B-00C04F79EFBC}") = "Employee_Wage_Program", "Employee_Wage_Program\Employee_Wage_Program.csproj", "{82427BA8-D336-4D20-9A7E-4A9326EB9443}"
EndProject
Global
	GlobalSection(SolutionConfigurationPlatforms) = preSolution
		Debug|Any CPU = Debug|Any CPU
		Release|Any CPU = Release|Any CPU
	EndGlobalSection
	GlobalSection(ProjectConfigurationPlatforms) = postSolution
		{82427BA8-D336-4D20-9A7E-4A9326EB9443}.Debug|Any CPU.ActiveCfg = Debug|Any CPU
		{82427BA8-D336-4D20-9A7E-4A9326EB9443}.Debug|Any CPU.Build.0 = Debug|Any CPU
		{82427BA8-D336-4D20-9A7E-4A9326EB9443}.Release|Any CPU.ActiveCfg = Release|Any CPU
		{82427BA8-D336-4D20-9A7E-4A9326EB9443}.Release|Any CPU.Build.0 = Release|Any CPU
	EndGlobalSection
	GlobalSection(SolutionProperties) = preSolution
		HideSolutionNode = FALSE
	EndGlobalSection
	GlobalSection(ExtensibilityGlobals) = postSolution
		SolutionGuid = {19F5C203-B528-4424-A0A3-A6661B82CBC6}
	EndGlobalSection
EndGlobal
